
Microsoft Visual Studio Solution File, Format Version 12.00
# Visual Studio 2013
VisualStudioVersion = 12.0.21005.1
MinimumVisualStudioVersion = 10.0.40219.1
Project("{8BC9CEB8-8B4A-11D0-8D11-00A0C91BC942}") = "Better Memory Meter", "Better Memory Meter.vcxproj", "{6E015859-21AC-4B22-96D6-FFBA1F4039B0}"
EndProject
Global
	GlobalSection(SolutionConfigurationPlatforms) = preSolution
		Debug|Win32 = Debug|Win32
		Release|Win32 = Release|Win32
	EndGlobalSection
	GlobalSection(ProjectConfigurationPlatforms) = postSolution
		{6E015859-21AC-4B22-96D6-FFBA1F4039B0}.Debug|Win32.ActiveCfg = Debug|Win32
		{6E015859-21AC-4B22-96D6-FFBA1F4039B0}.Debug|Win32.Build.0 = Debug|Win32
		{6E015859-21AC-4B22-96D6-FFBA1F4039B0}.Release|Win32.ActiveCfg = Release|Win32
		{6E015859-21AC-4B22-96D6-FFBA1F4039B0}.Release|Win32.Build.0 = Release|Win32
	EndGlobalSection
	GlobalSection(SolutionProperties) = preSolution
		HideSolutionNode = FALSE
	EndGlobalSection
EndGlobal
